
Microsoft Visual Studio Solution File, Format Version 11.00
# Visual Studio 2010
Project("{FAE04EC0-301F-11D3-BF4B-00C04F79EFBC}") = "RadiantRFID.RaaS", "RadiantRFID.RaaS\RadiantRFID.RaaS.csproj", "{67ECFF9F-E530-4D52-93EC-4729D5ED4969}"
EndProject
Project("{FAE04EC0-301F-11D3-BF4B-00C04F79EFBC}") = "RadiantRFID.RaaS.Tools", "RadiantRFID.RaaS.Tools\RadiantRFID.RaaS.Tools.csproj", "{A919E785-D8B3-4DD1-A688-3E2448AF4E03}"
EndProject
Global
	GlobalSection(SolutionConfigurationPlatforms) = preSolution
		Debug|Any CPU = Debug|Any CPU
		Release|Any CPU = Release|Any CPU
	EndGlobalSection
	GlobalSection(ProjectConfigurationPlatforms) = postSolution
		{67ECFF9F-E530-4D52-93EC-4729D5ED4969}.Debug|Any CPU.ActiveCfg = Debug|Any CPU
		{67ECFF9F-E530-4D52-93EC-4729D5ED4969}.Debug|Any CPU.Build.0 = Debug|Any CPU
		{67ECFF9F-E530-4D52-93EC-4729D5ED4969}.Release|Any CPU.ActiveCfg = Release|Any CPU
		{67ECFF9F-E530-4D52-93EC-4729D5ED4969}.Release|Any CPU.Build.0 = Release|Any CPU
		{A919E785-D8B3-4DD1-A688-3E2448AF4E03}.Debug|Any CPU.ActiveCfg = Debug|Any CPU
		{A919E785-D8B3-4DD1-A688-3E2448AF4E03}.Debug|Any CPU.Build.0 = Debug|Any CPU
		{A919E785-D8B3-4DD1-A688-3E2448AF4E03}.Release|Any CPU.ActiveCfg = Release|Any CPU
		{A919E785-D8B3-4DD1-A688-3E2448AF4E03}.Release|Any CPU.Build.0 = Release|Any CPU
	EndGlobalSection
	GlobalSection(SolutionProperties) = preSolution
		HideSolutionNode = FALSE
	EndGlobalSection
EndGlobal
