
Microsoft Visual Studio Solution File, Format Version 11.00
# Visual Studio 2010
Project("{FAE04EC0-301F-11D3-BF4B-00C04F79EFBC}") = "RadiantRFID.RaaS", "RadiantRFID.RaaS\RadiantRFID.RaaS.csproj", "{DBBB8434-3F8F-4A72-92C9-06A9714B7884}"
EndProject
Project("{FAE04EC0-301F-11D3-BF4B-00C04F79EFBC}") = "RadiantRFID.RaaS.DomainModel", "RadiantRFID.RaaS.DomainModel\RadiantRFID.RaaS.DomainModel.csproj", "{AC6312D2-72B8-4B68-99D3-893EAF5BFAB1}"
EndProject
Project("{FAE04EC0-301F-11D3-BF4B-00C04F79EFBC}") = "Tools", "Tools\Tools.csproj", "{CDCD21D0-C664-4CDA-A264-C0108392C8E5}"
EndProject
Global
	GlobalSection(SolutionConfigurationPlatforms) = preSolution
		Debug|Any CPU = Debug|Any CPU
		Release|Any CPU = Release|Any CPU
	EndGlobalSection
	GlobalSection(ProjectConfigurationPlatforms) = postSolution
		{DBBB8434-3F8F-4A72-92C9-06A9714B7884}.Debug|Any CPU.ActiveCfg = Debug|Any CPU
		{DBBB8434-3F8F-4A72-92C9-06A9714B7884}.Debug|Any CPU.Build.0 = Debug|Any CPU
		{DBBB8434-3F8F-4A72-92C9-06A9714B7884}.Release|Any CPU.ActiveCfg = Release|Any CPU
		{DBBB8434-3F8F-4A72-92C9-06A9714B7884}.Release|Any CPU.Build.0 = Release|Any CPU
		{AC6312D2-72B8-4B68-99D3-893EAF5BFAB1}.Debug|Any CPU.ActiveCfg = Debug|Any CPU
		{AC6312D2-72B8-4B68-99D3-893EAF5BFAB1}.Debug|Any CPU.Build.0 = Debug|Any CPU
		{AC6312D2-72B8-4B68-99D3-893EAF5BFAB1}.Release|Any CPU.ActiveCfg = Release|Any CPU
		{AC6312D2-72B8-4B68-99D3-893EAF5BFAB1}.Release|Any CPU.Build.0 = Release|Any CPU
		{CDCD21D0-C664-4CDA-A264-C0108392C8E5}.Debug|Any CPU.ActiveCfg = Debug|Any CPU
		{CDCD21D0-C664-4CDA-A264-C0108392C8E5}.Debug|Any CPU.Build.0 = Debug|Any CPU
		{CDCD21D0-C664-4CDA-A264-C0108392C8E5}.Release|Any CPU.ActiveCfg = Release|Any CPU
		{CDCD21D0-C664-4CDA-A264-C0108392C8E5}.Release|Any CPU.Build.0 = Release|Any CPU
	EndGlobalSection
	GlobalSection(SolutionProperties) = preSolution
		HideSolutionNode = FALSE
	EndGlobalSection
EndGlobal
